
Microsoft Visual Studio Solution File, Format Version 12.00
# Visual Studio Version 17
VisualStudioVersion = 17.8.34408.163
MinimumVisualStudioVersion = 10.0.40219.1
Project("{FAE04EC0-301F-11D3-BF4B-00C04F79EFBC}") = "Sliding Game", "Sliding Game\Sliding Game.csproj", "{906F40F9-6AA6-4EB3-A88F-64C39601B47B}"
EndProject
Global
	GlobalSection(SolutionConfigurationPlatforms) = preSolution
		Debug|Any CPU = Debug|Any CPU
		Release|Any CPU = Release|Any CPU
	EndGlobalSection
	GlobalSection(ProjectConfigurationPlatforms) = postSolution
		{906F40F9-6AA6-4EB3-A88F-64C39601B47B}.Debug|Any CPU.ActiveCfg = Debug|Any CPU
		{906F40F9-6AA6-4EB3-A88F-64C39601B47B}.Debug|Any CPU.Build.0 = Debug|Any CPU
		{906F40F9-6AA6-4EB3-A88F-64C39601B47B}.Release|Any CPU.ActiveCfg = Release|Any CPU
		{906F40F9-6AA6-4EB3-A88F-64C39601B47B}.Release|Any CPU.Build.0 = Release|Any CPU
	EndGlobalSection
	GlobalSection(SolutionProperties) = preSolution
		HideSolutionNode = FALSE
	EndGlobalSection
	GlobalSection(ExtensibilityGlobals) = postSolution
		SolutionGuid = {93F0DBE2-7463-4C8E-99BE-BF7405C58B05}
	EndGlobalSection
EndGlobal
